{
  "version": "1.0.0",
  "lockfileVersion": 1,
  "generatedAt": "1772682528",
  "packages": {
    "typescript@^5.9.3": {
      "name": "typescript",
      "version": "^5.9.3",
      "source": "pkgx"
    },
    "npm:@types/bun@^1.3.0": {
      "name": "npm:@types/bun",
      "version": "^1.3.0",
      "source": "pkgx"
    },
    "ts-cloud@link:ts-cloud": {
      "name": "ts-cloud",
      "version": "link:ts-cloud",
      "source": "pkgx"
    }
  }
}
